
Microsoft Visual Studio Solution File, Format Version 12.00
# Visual Studio Version 16
VisualStudioVersion = 16.0.31410.223
MinimumVisualStudioVersion = 10.0.40219.1
Project("{C7167F0D-BC9F-4E6E-AFE1-012C56B48DB5}") = "m3u8-winui (Package)", "m3u8-winui (Package)\m3u8-winui (Package).wapproj", "{A2455EF4-A570-4D52-9947-54CE6AFB6827}"
EndProject
Project("{9A19103F-16F7-4668-BE54-9A1E7A4F7556}") = "m3u8-winui", "m3u8-winui\m3u8-winui.csproj", "{2AAC344E-E799-4F20-A107-7523FDA76E73}"
EndProject
Global
	GlobalSection(SolutionConfigurationPlatforms) = preSolution
		Debug|arm64 = Debug|arm64
		Debug|x64 = Debug|x64
		Debug|x86 = Debug|x86
		Release|arm64 = Release|arm64
		Release|x64 = Release|x64
		Release|x86 = Release|x86
	EndGlobalSection
	GlobalSection(ProjectConfigurationPlatforms) = postSolution
		{A2455EF4-A570-4D52-9947-54CE6AFB6827}.Debug|arm64.ActiveCfg = Debug|arm64
		{A2455EF4-A570-4D52-9947-54CE6AFB6827}.Debug|arm64.Build.0 = Debug|arm64
		{A2455EF4-A570-4D52-9947-54CE6AFB6827}.Debug|arm64.Deploy.0 = Debug|arm64
		{A2455EF4-A570-4D52-9947-54CE6AFB6827}.Debug|x64.ActiveCfg = Debug|x64
		{A2455EF4-A570-4D52-9947-54CE6AFB6827}.Debug|x64.Build.0 = Debug|x64
		{A2455EF4-A570-4D52-9947-54CE6AFB6827}.Debug|x64.Deploy.0 = Debug|x64
		{A2455EF4-A570-4D52-9947-54CE6AFB6827}.Debug|x86.ActiveCfg = Debug|x86
		{A2455EF4-A570-4D52-9947-54CE6AFB6827}.Debug|x86.Build.0 = Debug|x86
		{A2455EF4-A570-4D52-9947-54CE6AFB6827}.Debug|x86.Deploy.0 = Debug|x86
		{A2455EF4-A570-4D52-9947-54CE6AFB6827}.Release|arm64.ActiveCfg = Release|arm64
		{A2455EF4-A570-4D52-9947-54CE6AFB6827}.Release|arm64.Build.0 = Release|arm64
		{A2455EF4-A570-4D52-9947-54CE6AFB6827}.Release|arm64.Deploy.0 = Release|arm64
		{A2455EF4-A570-4D52-9947-54CE6AFB6827}.Release|x64.ActiveCfg = Release|x64
		{A2455EF4-A570-4D52-9947-54CE6AFB6827}.Release|x64.Build.0 = Release|x64
		{A2455EF4-A570-4D52-9947-54CE6AFB6827}.Release|x64.Deploy.0 = Release|x64
		{A2455EF4-A570-4D52-9947-54CE6AFB6827}.Release|x86.ActiveCfg = Release|x86
		{A2455EF4-A570-4D52-9947-54CE6AFB6827}.Release|x86.Build.0 = Release|x86
		{A2455EF4-A570-4D52-9947-54CE6AFB6827}.Release|x86.Deploy.0 = Release|x86
		{2AAC344E-E799-4F20-A107-7523FDA76E73}.Debug|arm64.ActiveCfg = Debug|arm64
		{2AAC344E-E799-4F20-A107-7523FDA76E73}.Debug|arm64.Build.0 = Debug|arm64
		{2AAC344E-E799-4F20-A107-7523FDA76E73}.Debug|x64.ActiveCfg = Debug|x64
		{2AAC344E-E799-4F20-A107-7523FDA76E73}.Debug|x64.Build.0 = Debug|x64
		{2AAC344E-E799-4F20-A107-7523FDA76E73}.Debug|x86.ActiveCfg = Debug|x86
		{2AAC344E-E799-4F20-A107-7523FDA76E73}.Debug|x86.Build.0 = Debug|x86
		{2AAC344E-E799-4F20-A107-7523FDA76E73}.Release|arm64.ActiveCfg = Release|arm64
		{2AAC344E-E799-4F20-A107-7523FDA76E73}.Release|arm64.Build.0 = Release|arm64
		{2AAC344E-E799-4F20-A107-7523FDA76E73}.Release|x64.ActiveCfg = Release|x64
		{2AAC344E-E799-4F20-A107-7523FDA76E73}.Release|x64.Build.0 = Release|x64
		{2AAC344E-E799-4F20-A107-7523FDA76E73}.Release|x86.ActiveCfg = Release|x86
		{2AAC344E-E799-4F20-A107-7523FDA76E73}.Release|x86.Build.0 = Release|x86
	EndGlobalSection
	GlobalSection(SolutionProperties) = preSolution
		HideSolutionNode = FALSE
	EndGlobalSection
	GlobalSection(ExtensibilityGlobals) = postSolution
		SolutionGuid = {EFB2F8C4-38CB-4068-A243-1520F24C14A3}
	EndGlobalSection
EndGlobal
