
Microsoft Visual Studio Solution File, Format Version 12.00
# Visual Studio Version 17
VisualStudioVersion = 17.11.35327.3
MinimumVisualStudioVersion = 10.0.40219.1
Project("{9A19103F-16F7-4668-BE54-9A1E7A4F7556}") = "m3u8_downloader_photino", "m3u8_downloader_photino.csproj", "{238FD588-D414-4BC0-8CCA-6E0D40A5EE7B}"
EndProject
Global
	GlobalSection(SolutionConfigurationPlatforms) = preSolution
		Debug|Any CPU = Debug|Any CPU
		Release|Any CPU = Release|Any CPU
	EndGlobalSection
	GlobalSection(ProjectConfigurationPlatforms) = postSolution
		{238FD588-D414-4BC0-8CCA-6E0D40A5EE7B}.Debug|Any CPU.ActiveCfg = Debug|Any CPU
		{238FD588-D414-4BC0-8CCA-6E0D40A5EE7B}.Debug|Any CPU.Build.0 = Debug|Any CPU
		{238FD588-D414-4BC0-8CCA-6E0D40A5EE7B}.Release|Any CPU.ActiveCfg = Release|Any CPU
		{238FD588-D414-4BC0-8CCA-6E0D40A5EE7B}.Release|Any CPU.Build.0 = Release|Any CPU
	EndGlobalSection
	GlobalSection(SolutionProperties) = preSolution
		HideSolutionNode = FALSE
	EndGlobalSection
	GlobalSection(ExtensibilityGlobals) = postSolution
		SolutionGuid = {609FD931-8340-4012-BAAC-4EB247EC39AC}
	EndGlobalSection
EndGlobal
